{
  "name": "aoc2021",
  "version": "1.0.0",
  "lockfileVersion": 2,
  "requires": true,
  "packages": {
    "": {
      "name": "aoc2021",
      "version": "1.0.0",
      "license": "ISC",
      "dependencies": {
        "@types/node": "^16.11.11",
        "fs": "^0.0.1-security",
        "queue-typescript": "^1.0.1",
        "stack-typescript": "^1.0.4"
      },
      "devDependencies": {
        "typescript": "^4.5.2"
      }
    },
    "node_modules/@types/node": {
      "version": "16.11.11",
      "resolved": "https://registry.npmjs.org/@types/node/-/node-16.11.11.tgz",
      "integrity": "sha512-KB0sixD67CeecHC33MYn+eYARkqTheIRNuu97y2XMjR7Wu3XibO1vaY6VBV6O/a89SPI81cEUIYT87UqUWlZNw=="
    },
    "node_modules/fs": {
      "version": "0.0.1-security",
      "resolved": "https://registry.npmjs.org/fs/-/fs-0.0.1-security.tgz",
      "integrity": "sha1-invTcYa23d84E/I4WLV+yq9eQdQ="
    },
    "node_modules/linked-list-typescript": {
      "version": "1.0.15",
      "resolved": "https://registry.npmjs.org/linked-list-typescript/-/linked-list-typescript-1.0.15.tgz",
      "integrity": "sha512-RIyUu9lnJIyIaMe63O7/aFv/T2v3KsMFuXMBbUQCHX+cgtGro86ETDj5ed0a8gQL2+DFjzYYsgVG4I36/cUwgw=="
    },
    "node_modules/queue-typescript": {
      "version": "1.0.1",
      "resolved": "https://registry.npmjs.org/queue-typescript/-/queue-typescript-1.0.1.tgz",
      "integrity": "sha512-tkK08uPfmpPl0cX1WRSU3EoNb/T5zSoZPGkkpfGX4E8QayWvEmLS2cI3pFngNPkNTCU5pCDQ1IwlzN0L5gdFPg==",
      "dependencies": {
        "linked-list-typescript": "^1.0.11"
      }
    },
    "node_modules/stack-typescript": {
      "version": "1.0.4",
      "resolved": "https://registry.npmjs.org/stack-typescript/-/stack-typescript-1.0.4.tgz",
      "integrity": "sha512-LAFycOVCWRYP6TDbwXR2XeXTmKjZT+wpdC4GEnBWWYfyTUK7NOassuqVTbUXsEA6CTCgk4FMOkUi+yFS33D1mw==",
      "dependencies": {
        "linked-list-typescript": "^1.0.11"
      }
    },
    "node_modules/typescript": {
      "version": "4.5.2",
      "resolved": "https://registry.npmjs.org/typescript/-/typescript-4.5.2.tgz",
      "integrity": "sha512-5BlMof9H1yGt0P8/WF+wPNw6GfctgGjXp5hkblpyT+8rkASSmkUKMXrxR0Xg8ThVCi/JnHQiKXeBaEwCeQwMFw==",
      "dev": true,
      "bin": {
        "tsc": "bin/tsc",
        "tsserver": "bin/tsserver"
      },
      "engines": {
        "node": ">=4.2.0"
      }
    }
  },
  "dependencies": {
    "@types/node": {
      "version": "16.11.11",
      "resolved": "https://registry.npmjs.org/@types/node/-/node-16.11.11.tgz",
      "integrity": "sha512-KB0sixD67CeecHC33MYn+eYARkqTheIRNuu97y2XMjR7Wu3XibO1vaY6VBV6O/a89SPI81cEUIYT87UqUWlZNw=="
    },
    "fs": {
      "version": "0.0.1-security",
      "resolved": "https://registry.npmjs.org/fs/-/fs-0.0.1-security.tgz",
      "integrity": "sha1-invTcYa23d84E/I4WLV+yq9eQdQ="
    },
    "linked-list-typescript": {
      "version": "1.0.15",
      "resolved": "https://registry.npmjs.org/linked-list-typescript/-/linked-list-typescript-1.0.15.tgz",
      "integrity": "sha512-RIyUu9lnJIyIaMe63O7/aFv/T2v3KsMFuXMBbUQCHX+cgtGro86ETDj5ed0a8gQL2+DFjzYYsgVG4I36/cUwgw=="
    },
    "queue-typescript": {
      "version": "1.0.1",
      "resolved": "https://registry.npmjs.org/queue-typescript/-/queue-typescript-1.0.1.tgz",
      "integrity": "sha512-tkK08uPfmpPl0cX1WRSU3EoNb/T5zSoZPGkkpfGX4E8QayWvEmLS2cI3pFngNPkNTCU5pCDQ1IwlzN0L5gdFPg==",
      "requires": {
        "linked-list-typescript": "^1.0.11"
      }
    },
    "stack-typescript": {
      "version": "1.0.4",
      "resolved": "https://registry.npmjs.org/stack-typescript/-/stack-typescript-1.0.4.tgz",
      "integrity": "sha512-LAFycOVCWRYP6TDbwXR2XeXTmKjZT+wpdC4GEnBWWYfyTUK7NOassuqVTbUXsEA6CTCgk4FMOkUi+yFS33D1mw==",
      "requires": {
        "linked-list-typescript": "^1.0.11"
      }
    },
    "typescript": {
      "version": "4.5.2",
      "resolved": "https://registry.npmjs.org/typescript/-/typescript-4.5.2.tgz",
      "integrity": "sha512-5BlMof9H1yGt0P8/WF+wPNw6GfctgGjXp5hkblpyT+8rkASSmkUKMXrxR0Xg8ThVCi/JnHQiKXeBaEwCeQwMFw==",
      "dev": true
    }
  }
}
